// !$*UTF8*$!
{
	archiveVersion = 1;
	classes = {
	};
	objectVersion = 50;
	objects = {

/* Begin PBXBuildFile section */
		3C787945229E321B00F058FE /* AppDelegate.swift in Sources */ = {isa = PBXBuildFile; fileRef = 3C787944229E321B00F058FE /* AppDelegate.swift */; };
		3C787947229E321B00F058FE /* ViewController.swift in Sources */ = {isa = PBXBuildFile; fileRef = 3C787946229E321B00F058FE /* ViewController.swift */; };
		3C78794A229E321B00F058FE /* Main.storyboard in Resources */ = {isa = PBXBuildFile; fileRef = 3C787948229E321B00F058FE /* Main.storyboard */; };
		3C78794C229E321C00F058FE /* Assets.xcassets in Resources */ = {isa = PBXBuildFile; fileRef = 3C78794B229E321C00F058FE /* Assets.xcassets */; };
		3C78794F229E321C00F058FE /* LaunchScreen.storyboard in Resources */ = {isa = PBXBuildFile; fileRef = 3C78794D229E321C00F058FE /* LaunchScreen.storyboard */; };
		3C78795A229E321D00F058FE /* CouriTests.swift in Sources */ = {isa = PBXBuildFile; fileRef = 3C787959229E321D00F058FE /* CouriTests.swift */; };
		3C787965229E321D00F058FE /* CouriUITests.swift in Sources */ = {isa = PBXBuildFile; fileRef = 3C787964229E321D00F058FE /* CouriUITests.swift */; };
		3C78797B229E699400F058FE /* PageViewController.swift in Sources */ = {isa = PBXBuildFile; fileRef = 3C78797A229E699400F058FE /* PageViewController.swift */; };
		3C78797D22A0D99F00F058FE /* Welcome.storyboard in Resources */ = {isa = PBXBuildFile; fileRef = 3C78797C22A0D99F00F058FE /* Welcome.storyboard */; };
		3C78798322A10BED00F058FE /* DownAnimation.swift in Sources */ = {isa = PBXBuildFile; fileRef = 3C78798222A10BED00F058FE /* DownAnimation.swift */; };
		8B9A9C1A22AC8315009E6990 /* RestaurantView.swift in Sources */ = {isa = PBXBuildFile; fileRef = 8B9A9C1822AC8314009E6990 /* RestaurantView.swift */; };
		8B9A9C1B22AC8315009E6990 /* RestaurantView.xib in Resources */ = {isa = PBXBuildFile; fileRef = 8B9A9C1922AC8314009E6990 /* RestaurantView.xib */; };
		8BBE199E22ACCD80000F5336 /* RestaurantViewController.swift in Sources */ = {isa = PBXBuildFile; fileRef = 8BBE199D22ACCD7F000F5336 /* RestaurantViewController.swift */; };
		8BBE19A122ACCD96000F5336 /* Restaurant.storyboard in Resources */ = {isa = PBXBuildFile; fileRef = 8BBE199F22ACCD96000F5336 /* Restaurant.storyboard */; };
/* End PBXBuildFile section */

/* Begin PBXContainerItemProxy section */
		3C787956229E321D00F058FE /* PBXContainerItemProxy */ = {
			isa = PBXContainerItemProxy;
			containerPortal = 3C787939229E321B00F058FE /* Project object */;
			proxyType = 1;
			remoteGlobalIDString = 3C787940229E321B00F058FE;
			remoteInfo = Couri;
		};
		3C787961229E321D00F058FE /* PBXContainerItemProxy */ = {
			isa = PBXContainerItemProxy;
			containerPortal = 3C787939229E321B00F058FE /* Project object */;
			proxyType = 1;
			remoteGlobalIDString = 3C787940229E321B00F058FE;
			remoteInfo = Couri;
		};
/* End PBXContainerItemProxy section */

/* Begin PBXFileReference section */
		3C787941229E321B00F058FE /* Couri.app */ = {isa = PBXFileReference; explicitFileType = wrapper.application; includeInIndex = 0; path = Couri.app; sourceTree = BUILT_PRODUCTS_DIR; };
		3C787944229E321B00F058FE /* AppDelegate.swift */ = {isa = PBXFileReference; lastKnownFileType = sourcecode.swift; path = AppDelegate.swift; sourceTree = "<group>"; };
		3C787946229E321B00F058FE /* ViewController.swift */ = {isa = PBXFileReference; lastKnownFileType = sourcecode.swift; path = ViewController.swift; sourceTree = "<group>"; };
		3C787949229E321B00F058FE /* Base */ = {isa = PBXFileReference; lastKnownFileType = file.storyboard; name = Base; path = Base.lproj/Main.storyboard; sourceTree = "<group>"; };
		3C78794B229E321C00F058FE /* Assets.xcassets */ = {isa = PBXFileReference; lastKnownFileType = folder.assetcatalog; path = Assets.xcassets; sourceTree = "<group>"; };
		3C78794E229E321C00F058FE /* Base */ = {isa = PBXFileReference; lastKnownFileType = file.storyboard; name = Base; path = Base.lproj/LaunchScreen.storyboard; sourceTree = "<group>"; };
		3C787950229E321C00F058FE /* Info.plist */ = {isa = PBXFileReference; lastKnownFileType = text.plist.xml; path = Info.plist; sourceTree = "<group>"; };
		3C787955229E321D00F058FE /* CouriTests.xctest */ = {isa = PBXFileReference; explicitFileType = wrapper.cfbundle; includeInIndex = 0; path = CouriTests.xctest; sourceTree = BUILT_PRODUCTS_DIR; };
		3C787959229E321D00F058FE /* CouriTests.swift */ = {isa = PBXFileReference; lastKnownFileType = sourcecode.swift; path = CouriTests.swift; sourceTree = "<group>"; };
		3C78795B229E321D00F058FE /* Info.plist */ = {isa = PBXFileReference; lastKnownFileType = text.plist.xml; path = Info.plist; sourceTree = "<group>"; };
		3C787960229E321D00F058FE /* CouriUITests.xctest */ = {isa = PBXFileReference; explicitFileType = wrapper.cfbundle; includeInIndex = 0; path = CouriUITests.xctest; sourceTree = BUILT_PRODUCTS_DIR; };
		3C787964229E321D00F058FE /* CouriUITests.swift */ = {isa = PBXFileReference; lastKnownFileType = sourcecode.swift; path = CouriUITests.swift; sourceTree = "<group>"; };
		3C787966229E321D00F058FE /* Info.plist */ = {isa = PBXFileReference; lastKnownFileType = text.plist.xml; path = Info.plist; sourceTree = "<group>"; };
		3C78797A229E699400F058FE /* PageViewController.swift */ = {isa = PBXFileReference; lastKnownFileType = sourcecode.swift; path = PageViewController.swift; sourceTree = "<group>"; };
		3C78797C22A0D99F00F058FE /* Welcome.storyboard */ = {isa = PBXFileReference; lastKnownFileType = file.storyboard; path = Welcome.storyboard; sourceTree = "<group>"; };
		3C78798222A10BED00F058FE /* DownAnimation.swift */ = {isa = PBXFileReference; lastKnownFileType = sourcecode.swift; path = DownAnimation.swift; sourceTree = "<group>"; };
		8B9A9C1822AC8314009E6990 /* RestaurantView.swift */ = {isa = PBXFileReference; fileEncoding = 4; lastKnownFileType = sourcecode.swift; name = RestaurantView.swift; path = "../../../../Library/Autosave Information/Testing/Couri Tests/Couri Tests/RestaurantView.swift"; sourceTree = "<group>"; };
		8B9A9C1922AC8314009E6990 /* RestaurantView.xib */ = {isa = PBXFileReference; fileEncoding = 4; lastKnownFileType = file.xib; name = RestaurantView.xib; path = "../../../../Library/Autosave Information/Testing/Couri Tests/Couri Tests/RestaurantView.xib"; sourceTree = "<group>"; };
		8BBE199D22ACCD7F000F5336 /* RestaurantViewController.swift */ = {isa = PBXFileReference; fileEncoding = 4; lastKnownFileType = sourcecode.swift; name = RestaurantViewController.swift; path = "../../../../Library/Autosave Information/Testing/Couri Tests/Couri Tests/RestaurantViewController.swift"; sourceTree = "<group>"; };
		8BBE19A022ACCD96000F5336 /* Base */ = {isa = PBXFileReference; lastKnownFileType = file.storyboard; name = Base; path = "../../../../Library/Autosave Information/Testing/Couri Tests/Couri Tests/Base.lproj/Restaurant.storyboard"; sourceTree = "<group>"; };
/* End PBXFileReference section */

/* Begin PBXFrameworksBuildPhase section */
		3C78793E229E321B00F058FE /* Frameworks */ = {
			isa = PBXFrameworksBuildPhase;
			buildActionMask = 2147483647;
			files = (
			);
			runOnlyForDeploymentPostprocessing = 0;
		};
		3C787952229E321D00F058FE /* Frameworks */ = {
			isa = PBXFrameworksBuildPhase;
			buildActionMask = 2147483647;
			files = (
			);
			runOnlyForDeploymentPostprocessing = 0;
		};
		3C78795D229E321D00F058FE /* Frameworks */ = {
			isa = PBXFrameworksBuildPhase;
			buildActionMask = 2147483647;
			files = (
			);
			runOnlyForDeploymentPostprocessing = 0;
		};
/* End PBXFrameworksBuildPhase section */

/* Begin PBXGroup section */
		3C787938229E321B00F058FE = {
			isa = PBXGroup;
			children = (
				3C787943229E321B00F058FE /* Couri */,
				3C787958229E321D00F058FE /* CouriTests */,
				3C787963229E321D00F058FE /* CouriUITests */,
				3C787942229E321B00F058FE /* Products */,
			);
			sourceTree = "<group>";
		};
		3C787942229E321B00F058FE /* Products */ = {
			isa = PBXGroup;
			children = (
				3C787941229E321B00F058FE /* Couri.app */,
				3C787955229E321D00F058FE /* CouriTests.xctest */,
				3C787960229E321D00F058FE /* CouriUITests.xctest */,
			);
			name = Products;
			sourceTree = "<group>";
		};
		3C787943229E321B00F058FE /* Couri */ = {
			isa = PBXGroup;
			children = (
				8B9A9C1822AC8314009E6990 /* RestaurantView.swift */,
				8BBE199D22ACCD7F000F5336 /* RestaurantViewController.swift */,
				8BBE199F22ACCD96000F5336 /* Restaurant.storyboard */,
				8B9A9C1922AC8314009E6990 /* RestaurantView.xib */,
				3C787944229E321B00F058FE /* AppDelegate.swift */,
				3C787946229E321B00F058FE /* ViewController.swift */,
				3C787948229E321B00F058FE /* Main.storyboard */,
				3C78794B229E321C00F058FE /* Assets.xcassets */,
				3C78794D229E321C00F058FE /* LaunchScreen.storyboard */,
				3C787950229E321C00F058FE /* Info.plist */,
				3C78797A229E699400F058FE /* PageViewController.swift */,
				3C78797C22A0D99F00F058FE /* Welcome.storyboard */,
				3C78798222A10BED00F058FE /* DownAnimation.swift */,
			);
			path = Couri;
			sourceTree = "<group>";
		};
		3C787958229E321D00F058FE /* CouriTests */ = {
			isa = PBXGroup;
			children = (
				3C787959229E321D00F058FE /* CouriTests.swift */,
				3C78795B229E321D00F058FE /* Info.plist */,
			);
			path = CouriTests;
			sourceTree = "<group>";
		};
		3C787963229E321D00F058FE /* CouriUITests */ = {
			isa = PBXGroup;
			children = (
				3C787964229E321D00F058FE /* CouriUITests.swift */,
				3C787966229E321D00F058FE /* Info.plist */,
			);
			path = CouriUITests;
			sourceTree = "<group>";
		};
/* End PBXGroup section */

/* Begin PBXNativeTarget section */
		3C787940229E321B00F058FE /* Couri */ = {
			isa = PBXNativeTarget;
			buildConfigurationList = 3C787969229E321D00F058FE /* Build configuration list for PBXNativeTarget "Couri" */;
			buildPhases = (
				3C78793D229E321B00F058FE /* Sources */,
				3C78793E229E321B00F058FE /* Frameworks */,
				3C78793F229E321B00F058FE /* Resources */,
			);
			buildRules = (
			);
			dependencies = (
			);
			name = Couri;
			productName = Couri;
			productReference = 3C787941229E321B00F058FE /* Couri.app */;
			productType = "com.apple.product-type.application";
		};
		3C787954229E321D00F058FE /* CouriTests */ = {
			isa = PBXNativeTarget;
			buildConfigurationList = 3C78796C229E321D00F058FE /* Build configuration list for PBXNativeTarget "CouriTests" */;
			buildPhases = (
				3C787951229E321D00F058FE /* Sources */,
				3C787952229E321D00F058FE /* Frameworks */,
				3C787953229E321D00F058FE /* Resources */,
			);
			buildRules = (
			);
			dependencies = (
				3C787957229E321D00F058FE /* PBXTargetDependency */,
			);
			name = CouriTests;
			productName = CouriTests;
			productReference = 3C787955229E321D00F058FE /* CouriTests.xctest */;
			productType = "com.apple.product-type.bundle.unit-test";
		};
		3C78795F229E321D00F058FE /* CouriUITests */ = {
			isa = PBXNativeTarget;
			buildConfigurationList = 3C78796F229E321D00F058FE /* Build configuration list for PBXNativeTarget "CouriUITests" */;
			buildPhases = (
				3C78795C229E321D00F058FE /* Sources */,
				3C78795D229E321D00F058FE /* Frameworks */,
				3C78795E229E321D00F058FE /* Resources */,
			);
			buildRules = (
			);
			dependencies = (
				3C787962229E321D00F058FE /* PBXTargetDependency */,
			);
			name = CouriUITests;
			productName = CouriUITests;
			productReference = 3C787960229E321D00F058FE /* CouriUITests.xctest */;
			productType = "com.apple.product-type.bundle.ui-testing";
		};
/* End PBXNativeTarget section */

/* Begin PBXProject section */
		3C787939229E321B00F058FE /* Project object */ = {
			isa = PBXProject;
			attributes = {
				LastSwiftUpdateCheck = 1020;
				LastUpgradeCheck = 1020;
				ORGANIZATIONNAME = Couri;
				TargetAttributes = {
					3C787940229E321B00F058FE = {
						CreatedOnToolsVersion = 10.2.1;
					};
					3C787954229E321D00F058FE = {
						CreatedOnToolsVersion = 10.2.1;
						TestTargetID = 3C787940229E321B00F058FE;
					};
					3C78795F229E321D00F058FE = {
						CreatedOnToolsVersion = 10.2.1;
						TestTargetID = 3C787940229E321B00F058FE;
					};
				};
			};
			buildConfigurationList = 3C78793C229E321B00F058FE /* Build configuration list for PBXProject "Couri" */;
			compatibilityVersion = "Xcode 9.3";
			developmentRegion = en;
			hasScannedForEncodings = 0;
			knownRegions = (
				en,
				Base,
			);
			mainGroup = 3C787938229E321B00F058FE;
			productRefGroup = 3C787942229E321B00F058FE /* Products */;
			projectDirPath = "";
			projectRoot = "";
			targets = (
				3C787940229E321B00F058FE /* Couri */,
				3C787954229E321D00F058FE /* CouriTests */,
				3C78795F229E321D00F058FE /* CouriUITests */,
			);
		};
/* End PBXProject section */

/* Begin PBXResourcesBuildPhase section */
		3C78793F229E321B00F058FE /* Resources */ = {
			isa = PBXResourcesBuildPhase;
			buildActionMask = 2147483647;
			files = (
				3C78794F229E321C00F058FE /* LaunchScreen.storyboard in Resources */,
				3C78797D22A0D99F00F058FE /* Welcome.storyboard in Resources */,
				8BBE19A122ACCD96000F5336 /* Restaurant.storyboard in Resources */,
				3C78794C229E321C00F058FE /* Assets.xcassets in Resources */,
				3C78794A229E321B00F058FE /* Main.storyboard in Resources */,
				8B9A9C1B22AC8315009E6990 /* RestaurantView.xib in Resources */,
			);
			runOnlyForDeploymentPostprocessing = 0;
		};
		3C787953229E321D00F058FE /* Resources */ = {
			isa = PBXResourcesBuildPhase;
			buildActionMask = 2147483647;
			files = (
			);
			runOnlyForDeploymentPostprocessing = 0;
		};
		3C78795E229E321D00F058FE /* Resources */ = {
			isa = PBXResourcesBuildPhase;
			buildActionMask = 2147483647;
			files = (
			);
			runOnlyForDeploymentPostprocessing = 0;
		};
/* End PBXResourcesBuildPhase section */

/* Begin PBXSourcesBuildPhase section */
		3C78793D229E321B00F058FE /* Sources */ = {
			isa = PBXSourcesBuildPhase;
			buildActionMask = 2147483647;
			files = (
				3C78797B229E699400F058FE /* PageViewController.swift in Sources */,
				8BBE199E22ACCD80000F5336 /* RestaurantViewController.swift in Sources */,
				3C787947229E321B00F058FE /* ViewController.swift in Sources */,
				3C78798322A10BED00F058FE /* DownAnimation.swift in Sources */,
				8B9A9C1A22AC8315009E6990 /* RestaurantView.swift in Sources */,
				3C787945229E321B00F058FE /* AppDelegate.swift in Sources */,
			);
			runOnlyForDeploymentPostprocessing = 0;
		};
		3C787951229E321D00F058FE /* Sources */ = {
			isa = PBXSourcesBuildPhase;
			buildActionMask = 2147483647;
			files = (
				3C78795A229E321D00F058FE /* CouriTests.swift in Sources */,
			);
			runOnlyForDeploymentPostprocessing = 0;
		};
		3C78795C229E321D00F058FE /* Sources */ = {
			isa = PBXSourcesBuildPhase;
			buildActionMask = 2147483647;
			files = (
				3C787965229E321D00F058FE /* CouriUITests.swift in Sources */,
			);
			runOnlyForDeploymentPostprocessing = 0;
		};
/* End PBXSourcesBuildPhase section */

/* Begin PBXTargetDependency section */
		3C787957229E321D00F058FE /* PBXTargetDependency */ = {
			isa = PBXTargetDependency;
			target = 3C787940229E321B00F058FE /* Couri */;
			targetProxy = 3C787956229E321D00F058FE /* PBXContainerItemProxy */;
		};
		3C787962229E321D00F058FE /* PBXTargetDependency */ = {
			isa = PBXTargetDependency;
			target = 3C787940229E321B00F058FE /* Couri */;
			targetProxy = 3C787961229E321D00F058FE /* PBXContainerItemProxy */;
		};
/* End PBXTargetDependency section */

/* Begin PBXVariantGroup section */
		3C787948229E321B00F058FE /* Main.storyboard */ = {
			isa = PBXVariantGroup;
			children = (
				3C787949229E321B00F058FE /* Base */,
			);
			name = Main.storyboard;
			sourceTree = "<group>";
		};
		3C78794D229E321C00F058FE /* LaunchScreen.storyboard */ = {
			isa = PBXVariantGroup;
			children = (
				3C78794E229E321C00F058FE /* Base */,
			);
			name = LaunchScreen.storyboard;
			sourceTree = "<group>";
		};
		8BBE199F22ACCD96000F5336 /* Restaurant.storyboard */ = {
			isa = PBXVariantGroup;
			children = (
				8BBE19A022ACCD96000F5336 /* Base */,
			);
			name = Restaurant.storyboard;
			sourceTree = "<group>";
		};
/* End PBXVariantGroup section */

/* Begin XCBuildConfiguration section */
		3C787967229E321D00F058FE /* Debug */ = {
			isa = XCBuildConfiguration;
			buildSettings = {
				ALWAYS_SEARCH_USER_PATHS = NO;
				CLANG_ANALYZER_NONNULL = YES;
				CLANG_ANALYZER_NUMBER_OBJECT_CONVERSION = YES_AGGRESSIVE;
				CLANG_CXX_LANGUAGE_STANDARD = "gnu++14";
				CLANG_CXX_LIBRARY = "libc++";
				CLANG_ENABLE_MODULES = YES;
				CLANG_ENABLE_OBJC_ARC = YES;
				CLANG_ENABLE_OBJC_WEAK = YES;
				CLANG_WARN_BLOCK_CAPTURE_AUTORELEASING = YES;
				CLANG_WARN_BOOL_CONVERSION = YES;
				CLANG_WARN_COMMA = YES;
				CLANG_WARN_CONSTANT_CONVERSION = YES;
				CLANG_WARN_DEPRECATED_OBJC_IMPLEMENTATIONS = YES;
				CLANG_WARN_DIRECT_OBJC_ISA_USAGE = YES_ERROR;
				CLANG_WARN_DOCUMENTATION_COMMENTS = YES;
				CLANG_WARN_EMPTY_BODY = YES;
				CLANG_WARN_ENUM_CONVERSION = YES;
				CLANG_WARN_INFINITE_RECURSION = YES;
				CLANG_WARN_INT_CONVERSION = YES;
				CLANG_WARN_NON_LITERAL_NULL_CONVERSION = YES;
				CLANG_WARN_OBJC_IMPLICIT_RETAIN_SELF = YES;
				CLANG_WARN_OBJC_LITERAL_CONVERSION = YES;
				CLANG_WARN_OBJC_ROOT_CLASS = YES_ERROR;
				CLANG_WARN_RANGE_LOOP_ANALYSIS = YES;
				CLANG_WARN_STRICT_PROTOTYPES = YES;
				CLANG_WARN_SUSPICIOUS_MOVE = YES;
				CLANG_WARN_UNGUARDED_AVAILABILITY = YES_AGGRESSIVE;
				CLANG_WARN_UNREACHABLE_CODE = YES;
				CLANG_WARN__DUPLICATE_METHOD_MATCH = YES;
				CODE_SIGN_IDENTITY = "iPhone Developer";
				COPY_PHASE_STRIP = NO;
				DEBUG_INFORMATION_FORMAT = dwarf;
				ENABLE_STRICT_OBJC_MSGSEND = YES;
				ENABLE_TESTABILITY = YES;
				GCC_C_LANGUAGE_STANDARD = gnu11;
				GCC_DYNAMIC_NO_PIC = NO;
				GCC_NO_COMMON_BLOCKS = YES;
				GCC_OPTIMIZATION_LEVEL = 0;
				GCC_PREPROCESSOR_DEFINITIONS = (
					"DEBUG=1",
					"$(inherited)",
				);
				GCC_WARN_64_TO_32_BIT_CONVERSION = YES;
				GCC_WARN_ABOUT_RETURN_TYPE = YES_ERROR;
				GCC_WARN_UNDECLARED_SELECTOR = YES;
				GCC_WARN_UNINITIALIZED_AUTOS = YES_AGGRESSIVE;
				GCC_WARN_UNUSED_FUNCTION = YES;
				GCC_WARN_UNUSED_VARIABLE = YES;
				IPHONEOS_DEPLOYMENT_TARGET = 12.2;
				MTL_ENABLE_DEBUG_INFO = INCLUDE_SOURCE;
				MTL_FAST_MATH = YES;
				ONLY_ACTIVE_ARCH = YES;
				SDKROOT = iphoneos;
				SWIFT_ACTIVE_COMPILATION_CONDITIONS = DEBUG;
				SWIFT_OPTIMIZATION_LEVEL = "-Onone";
			};
			name = Debug;
		};
		3C787968229E321D00F058FE /* Release */ = {
			isa = XCBuildConfiguration;
			buildSettings = {
				ALWAYS_SEARCH_USER_PATHS = NO;
				CLANG_ANALYZER_NONNULL = YES;
				CLANG_ANALYZER_NUMBER_OBJECT_CONVERSION = YES_AGGRESSIVE;
				CLANG_CXX_LANGUAGE_STANDARD = "gnu++14";
				CLANG_CXX_LIBRARY = "libc++";
				CLANG_ENABLE_MODULES = YES;
				CLANG_ENABLE_OBJC_ARC = YES;
				CLANG_ENABLE_OBJC_WEAK = YES;
				CLANG_WARN_BLOCK_CAPTURE_AUTORELEASING = YES;
				CLANG_WARN_BOOL_CONVERSION = YES;
				CLANG_WARN_COMMA = YES;
				CLANG_WARN_CONSTANT_CONVERSION = YES;
				CLANG_WARN_DEPRECATED_OBJC_IMPLEMENTATIONS = YES;
				CLANG_WARN_DIRECT_OBJC_ISA_USAGE = YES_ERROR;
				CLANG_WARN_DOCUMENTATION_COMMENTS = YES;
				CLANG_WARN_EMPTY_BODY = YES;
				CLANG_WARN_ENUM_CONVERSION = YES;
				CLANG_WARN_INFINITE_RECURSION = YES;
				CLANG_WARN_INT_CONVERSION = YES;
				CLANG_WARN_NON_LITERAL_NULL_CONVERSION = YES;
				CLANG_WARN_OBJC_IMPLICIT_RETAIN_SELF = YES;
				CLANG_WARN_OBJC_LITERAL_CONVERSION = YES;
				CLANG_WARN_OBJC_ROOT_CLASS = YES_ERROR;
				CLANG_WARN_RANGE_LOOP_ANALYSIS = YES;
				CLANG_WARN_STRICT_PROTOTYPES = YES;
				CLANG_WARN_SUSPICIOUS_MOVE = YES;
				CLANG_WARN_UNGUARDED_AVAILABILITY = YES_AGGRESSIVE;
				CLANG_WARN_UNREACHABLE_CODE = YES;
				CLANG_WARN__DUPLICATE_METHOD_MATCH = YES;
				CODE_SIGN_IDENTITY = "iPhone Developer";
				COPY_PHASE_STRIP = NO;
				DEBUG_INFORMATION_FORMAT = "dwarf-with-dsym";
				ENABLE_NS_ASSERTIONS = NO;
				ENABLE_STRICT_OBJC_MSGSEND = YES;
				GCC_C_LANGUAGE_STANDARD = gnu11;
				GCC_NO_COMMON_BLOCKS = YES;
				GCC_WARN_64_TO_32_BIT_CONVERSION = YES;
				GCC_WARN_ABOUT_RETURN_TYPE = YES_ERROR;
				GCC_WARN_UNDECLARED_SELECTOR = YES;
				GCC_WARN_UNINITIALIZED_AUTOS = YES_AGGRESSIVE;
				GCC_WARN_UNUSED_FUNCTION = YES;
				GCC_WARN_UNUSED_VARIABLE = YES;
				IPHONEOS_DEPLOYMENT_TARGET = 12.2;
				MTL_ENABLE_DEBUG_INFO = NO;
				MTL_FAST_MATH = YES;
				SDKROOT = iphoneos;
				SWIFT_COMPILATION_MODE = wholemodule;
				SWIFT_OPTIMIZATION_LEVEL = "-O";
				VALIDATE_PRODUCT = YES;
			};
			name = Release;
		};
		3C78796A229E321D00F058FE /* Debug */ = {
			isa = XCBuildConfiguration;
			buildSettings = {
				ASSETCATALOG_COMPILER_APPICON_NAME = AppIcon;
				CODE_SIGN_STYLE = Automatic;
				DEVELOPMENT_TEAM = 3VYWMVTZL4;
				INFOPLIST_FILE = Couri/Info.plist;
				LD_RUNPATH_SEARCH_PATHS = (
					"$(inherited)",
					"@executable_path/Frameworks",
				);
				PRODUCT_BUNDLE_IDENTIFIER = com.example.Couri;
				PRODUCT_NAME = "$(TARGET_NAME)";
				SWIFT_VERSION = 5.0;
				TARGETED_DEVICE_FAMILY = "1,2";
			};
			name = Debug;
		};
		3C78796B229E321D00F058FE /* Release */ = {
			isa = XCBuildConfiguration;
			buildSettings = {
				ASSETCATALOG_COMPILER_APPICON_NAME = AppIcon;
				CODE_SIGN_STYLE = Automatic;
				DEVELOPMENT_TEAM = 3VYWMVTZL4;
				INFOPLIST_FILE = Couri/Info.plist;
				LD_RUNPATH_SEARCH_PATHS = (
					"$(inherited)",
					"@executable_path/Frameworks",
				);
				PRODUCT_BUNDLE_IDENTIFIER = com.example.Couri;
				PRODUCT_NAME = "$(TARGET_NAME)";
				SWIFT_VERSION = 5.0;
				TARGETED_DEVICE_FAMILY = "1,2";
			};
			name = Release;
		};
		3C78796D229E321D00F058FE /* Debug */ = {
			isa = XCBuildConfiguration;
			buildSettings = {
				ALWAYS_EMBED_SWIFT_STANDARD_LIBRARIES = YES;
				BUNDLE_LOADER = "$(TEST_HOST)";
				CODE_SIGN_STYLE = Automatic;
				DEVELOPMENT_TEAM = 3VYWMVTZL4;
				INFOPLIST_FILE = CouriTests/Info.plist;
				LD_RUNPATH_SEARCH_PATHS = (
					"$(inherited)",
					"@executable_path/Frameworks",
					"@loader_path/Frameworks",
				);
				PRODUCT_BUNDLE_IDENTIFIER = com.example.CouriTests;
				PRODUCT_NAME = "$(TARGET_NAME)";
				SWIFT_VERSION = 5.0;
				TARGETED_DEVICE_FAMILY = "1,2";
				TEST_HOST = "$(BUILT_PRODUCTS_DIR)/Couri.app/Couri";
			};
			name = Debug;
		};
		3C78796E229E321D00F058FE /* Release */ = {
			isa = XCBuildConfiguration;
			buildSettings = {
				ALWAYS_EMBED_SWIFT_STANDARD_LIBRARIES = YES;
				BUNDLE_LOADER = "$(TEST_HOST)";
				CODE_SIGN_STYLE = Automatic;
				DEVELOPMENT_TEAM = 3VYWMVTZL4;
				INFOPLIST_FILE = CouriTests/Info.plist;
				LD_RUNPATH_SEARCH_PATHS = (
					"$(inherited)",
					"@executable_path/Frameworks",
					"@loader_path/Frameworks",
				);
				PRODUCT_BUNDLE_IDENTIFIER = com.example.CouriTests;
				PRODUCT_NAME = "$(TARGET_NAME)";
				SWIFT_VERSION = 5.0;
				TARGETED_DEVICE_FAMILY = "1,2";
				TEST_HOST = "$(BUILT_PRODUCTS_DIR)/Couri.app/Couri";
			};
			name = Release;
		};
		3C787970229E321D00F058FE /* Debug */ = {
			isa = XCBuildConfiguration;
			buildSettings = {
				ALWAYS_EMBED_SWIFT_STANDARD_LIBRARIES = YES;
				CODE_SIGN_STYLE = Automatic;
				DEVELOPMENT_TEAM = 3VYWMVTZL4;
				INFOPLIST_FILE = CouriUITests/Info.plist;
				LD_RUNPATH_SEARCH_PATHS = (
					"$(inherited)",
					"@executable_path/Frameworks",
					"@loader_path/Frameworks",
				);
				PRODUCT_BUNDLE_IDENTIFIER = com.example.CouriUITests;
				PRODUCT_NAME = "$(TARGET_NAME)";
				SWIFT_VERSION = 5.0;
				TARGETED_DEVICE_FAMILY = "1,2";
				TEST_TARGET_NAME = Couri;
			};
			name = Debug;
		};
		3C787971229E321D00F058FE /* Release */ = {
			isa = XCBuildConfiguration;
			buildSettings = {
				ALWAYS_EMBED_SWIFT_STANDARD_LIBRARIES = YES;
				CODE_SIGN_STYLE = Automatic;
				DEVELOPMENT_TEAM = 3VYWMVTZL4;
				INFOPLIST_FILE = CouriUITests/Info.plist;
				LD_RUNPATH_SEARCH_PATHS = (
					"$(inherited)",
					"@executable_path/Frameworks",
					"@loader_path/Frameworks",
				);
				PRODUCT_BUNDLE_IDENTIFIER = com.example.CouriUITests;
				PRODUCT_NAME = "$(TARGET_NAME)";
				SWIFT_VERSION = 5.0;
				TARGETED_DEVICE_FAMILY = "1,2";
				TEST_TARGET_NAME = Couri;
			};
			name = Release;
		};
/* End XCBuildConfiguration section */

/* Begin XCConfigurationList section */
		3C78793C229E321B00F058FE /* Build configuration list for PBXProject "Couri" */ = {
			isa = XCConfigurationList;
			buildConfigurations = (
				3C787967229E321D00F058FE /* Debug */,
				3C787968229E321D00F058FE /* Release */,
			);
			defaultConfigurationIsVisible = 0;
			defaultConfigurationName = Release;
		};
		3C787969229E321D00F058FE /* Build configuration list for PBXNativeTarget "Couri" */ = {
			isa = XCConfigurationList;
			buildConfigurations = (
				3C78796A229E321D00F058FE /* Debug */,
				3C78796B229E321D00F058FE /* Release */,
			);
			defaultConfigurationIsVisible = 0;
			defaultConfigurationName = Release;
		};
		3C78796C229E321D00F058FE /* Build configuration list for PBXNativeTarget "CouriTests" */ = {
			isa = XCConfigurationList;
			buildConfigurations = (
				3C78796D229E321D00F058FE /* Debug */,
				3C78796E229E321D00F058FE /* Release */,
			);
			defaultConfigurationIsVisible = 0;
			defaultConfigurationName = Release;
		};
		3C78796F229E321D00F058FE /* Build configuration list for PBXNativeTarget "CouriUITests" */ = {
			isa = XCConfigurationList;
			buildConfigurations = (
				3C787970229E321D00F058FE /* Debug */,
				3C787971229E321D00F058FE /* Release */,
			);
			defaultConfigurationIsVisible = 0;
			defaultConfigurationName = Release;
		};
/* End XCConfigurationList section */
	};
	rootObject = 3C787939229E321B00F058FE /* Project object */;
}
